
Microsoft Visual Studio Solution File, Format Version 12.00
# Visual Studio Version 16
VisualStudioVersion = 16.0.29926.136
MinimumVisualStudioVersion = 10.0.40219.1
Project("{FAE04EC0-301F-11D3-BF4B-00C04F79EFBC}") = "observer_example", "observer_example\observer_example.csproj", "{E7A989BA-01B3-49A5-8CA3-42E3592FDECA}"
EndProject
Global
	GlobalSection(SolutionConfigurationPlatforms) = preSolution
		Debug|Any CPU = Debug|Any CPU
		Release|Any CPU = Release|Any CPU
	EndGlobalSection
	GlobalSection(ProjectConfigurationPlatforms) = postSolution
		{E7A989BA-01B3-49A5-8CA3-42E3592FDECA}.Debug|Any CPU.ActiveCfg = Debug|Any CPU
		{E7A989BA-01B3-49A5-8CA3-42E3592FDECA}.Debug|Any CPU.Build.0 = Debug|Any CPU
		{E7A989BA-01B3-49A5-8CA3-42E3592FDECA}.Release|Any CPU.ActiveCfg = Release|Any CPU
		{E7A989BA-01B3-49A5-8CA3-42E3592FDECA}.Release|Any CPU.Build.0 = Release|Any CPU
	EndGlobalSection
	GlobalSection(SolutionProperties) = preSolution
		HideSolutionNode = FALSE
	EndGlobalSection
	GlobalSection(ExtensibilityGlobals) = postSolution
		SolutionGuid = {1BF31BA5-3E08-432E-9CED-EC3BEE593D85}
	EndGlobalSection
EndGlobal
